<?xml version="1.0" encoding="utf-8"?>
<Project ToolsVersion="4.0" xmlns="http://schemas.microsoft.com/developer/msbuild/2003">
  <ItemGroup>
    <Filter Include="Source files">
      <UniqueIdentifier>{d2642e42-197b-4dbf-9c86-cc5d48df7c35}</UniqueIdentifier>
      <Extensions>cpp;c;cc;cxx;def;odl;idl;hpj;bat;asm;asmx</Extensions>
    </Filter>
    <Filter Include="Header files">
      <UniqueIdentifier>{2c8d21dc-ed23-44f8-8aa2-32c0ef042967}</UniqueIdentifier>
      <Extensions>h;hpp;hxx;hm;inl;inc;xsd</Extensions>
    </Filter>
    <Filter Include="Resource files">
      <UniqueIdentifier>{27f22ab5-dfc1-4580-b57a-c20f389d530c}</UniqueIdentifier>
      <Extensions>rc;ico;cur;bmp;dlg;rc2;rct;bin;rgs;gif;jpg;jpeg;jpe;resx;tiff;tif;png;wav</Extensions>
    </Filter>
    <Filter Include="VisualGDB settings">
      <UniqueIdentifier>{4ae106de-0e11-40fa-94fa-7571252a014d}</UniqueIdentifier>
      <Extensions>*.vgdbsettings</Extensions>
    </Filter>
    <Filter Include="Source files\Device-specific files">
      <UniqueIdentifier>{778b1461-0dd0-4b7a-bcec-6f6152ce6cbf}</UniqueIdentifier>
    </Filter>
    <Filter Include="Header files\Device-specific files">
      <UniqueIdentifier>{e4c54de6-2317-4840-8af1-e4809ff31530}</UniqueIdentifier>
    </Filter>
    <Filter Include="Source files\FatFs">
      <UniqueIdentifier>{7e7c8535-a6fd-400b-95e8-ace2a7f7d4bf}</UniqueIdentifier>
    </Filter>
    <Filter Include="Source files\Device-specific files\Semihosting/Profiler">
      <UniqueIdentifier>{954049c1-4171-4cc4-902f-f75c74e89ea2}</UniqueIdentifier>
    </Filter>
    <Filter Include="Header files\Device-specific files\Semihosting/Profiler">
      <UniqueIdentifier>{f9817832-02d5-4555-8c02-7ab085a9daf9}</UniqueIdentifier>
    </Filter>
    <Filter Include="Source files\GUI">
      <UniqueIdentifier>{e2974a4f-3294-4df3-97df-80b881385610}</UniqueIdentifier>
    </Filter>
    <Filter Include="Source files\GUI\CONFIG">
      <UniqueIdentifier>{4068a0d1-6f42-4856-8d35-506e134fd206}</UniqueIdentifier>
    </Filter>
    <Filter Include="Source files\GUI\header files">
      <UniqueIdentifier>{413355b4-b8a0-4e24-ba79-25455062ed3e}</UniqueIdentifier>
    </Filter>
  </ItemGroup>
  <ItemGroup>
    <ClCompile Include="ex2_05_e.c">
      <Filter>Source files</Filter>
    </ClCompile>
    <ClCompile Include="system_stm32f4xx.c">
      <Filter>Source files</Filter>
    </ClCompile>
    <ClCompile Include="Mylib\ad.c">
      <Filter>Resource files</Filter>
    </ClCompile>
    <ClCompile Include="Mylib\button.c">
      <Filter>Resource files</Filter>
    </ClCompile>
    <ClCompile Include="Mylib\dac.c">
      <Filter>Resource files</Filter>
    </ClCompile>
    <ClCompile Include="Mylib\iwdg.c">
      <Filter>Resource files</Filter>
    </ClCompile>
    <ClCompile Include="Mylib\mymath.c">
      <Filter>Resource files</Filter>
    </ClCompile>
    <ClCompile Include="Mylib\oled.c">
      <Filter>Resource files</Filter>
    </ClCompile>
    <ClCompile Include="Mylib\pwm.c">
      <Filter>Resource files</Filter>
    </ClCompile>
    <ClCompile Include="Mylib\rng.c">
      <Filter>Resource files</Filter>
    </ClCompile>
    <ClCompile Include="Mylib\spi1.c">
      <Filter>Resource files</Filter>
    </ClCompile>
    <ClCompile Include="Mylib\tim3.c">
      <Filter>Resource files</Filter>
    </ClCompile>
    <ClCompile Include="Mylib\tim4.c">
      <Filter>Resource files</Filter>
    </ClCompile>
    <ClCompile Include="Mylib\uart4.c">
      <Filter>Resource files</Filter>
    </ClCompile>
    <ClCompile Include="Mylib\usart2.c">
      <Filter>Resource files</Filter>
    </ClCompile>
    <ClCompile Include="Mylib\usart3.c">
      <Filter>Resource files</Filter>
    </ClCompile>
    <ClCompile Include="Mylib\usart6.c">
      <Filter>Resource files</Filter>
    </ClCompile>
    <ClCompile Include="os_task.c">
      <Filter>Source files</Filter>
    </ClCompile>
    <ClCompile Include="Mylib\stepmotor.c">
      <Filter>Resource files</Filter>
    </ClCompile>
    <ClCompile Include="Mylib\sdcard.c">
      <Filter>Resource files</Filter>
    </ClCompile>
    <ClCompile Include="FatFs\diskio.c">
      <Filter>Source files\FatFs</Filter>
    </ClCompile>
    <ClCompile Include="FatFs\ff.c">
      <Filter>Source files\FatFs</Filter>
    </ClCompile>
    <ClCompile Include="FatFs\ffsystem.c">
      <Filter>Source files\FatFs</Filter>
    </ClCompile>
    <ClCompile Include="FatFs\ffunicode.c">
      <Filter>Source files\FatFs</Filter>
    </ClCompile>
    <ClCompile Include="$(BSP_ROOT)\STM32F4xxxx\StartupFiles\startup_stm32f407xx.c">
      <Filter>Source files\Device-specific files</Filter>
    </ClCompile>
    <None Include="$(BSP_ROOT)\FreeRTOS\License\license.txt">
      <Filter>Source files\Device-specific files</Filter>
    </None>
    <ClCompile Include="$(BSP_ROOT)\FreeRTOS\Source\croutine.c">
      <Filter>Source files\Device-specific files</Filter>
    </ClCompile>
    <ClCompile Include="$(BSP_ROOT)\FreeRTOS\Source\event_groups.c">
      <Filter>Source files\Device-specific files</Filter>
    </ClCompile>
    <ClCompile Include="$(BSP_ROOT)\FreeRTOS\Source\list.c">
      <Filter>Source files\Device-specific files</Filter>
    </ClCompile>
    <ClCompile Include="$(BSP_ROOT)\FreeRTOS\Source\queue.c">
      <Filter>Source files\Device-specific files</Filter>
    </ClCompile>
    <None Include="$(BSP_ROOT)\FreeRTOS\Source\readme.txt">
      <Filter>Source files\Device-specific files</Filter>
    </None>
    <None Include="$(BSP_ROOT)\FreeRTOS\Source\st_readme.txt">
      <Filter>Source files\Device-specific files</Filter>
    </None>
    <ClCompile Include="$(BSP_ROOT)\FreeRTOS\Source\tasks.c">
      <Filter>Source files\Device-specific files</Filter>
    </ClCompile>
    <ClCompile Include="$(BSP_ROOT)\FreeRTOS\Source\timers.c">
      <Filter>Source files\Device-specific files</Filter>
    </ClCompile>
    <ClCompile Include="$(BSP_ROOT)\FreeRTOS\Source\CMSIS_RTOS\cmsis_os.c">
      <Filter>Source files\Device-specific files</Filter>
    </ClCompile>
    <ClCompile Include="$(BSP_ROOT)\FreeRTOS\Source\portable\GCC\ARM_CM4F\port.c">
      <Filter>Source files\Device-specific files</Filter>
    </ClCompile>
    <ClCompile Include="$(BSP_ROOT)\FreeRTOS\Source\portable\MemMang\heap_4.c">
      <Filter>Source files\Device-specific files</Filter>
    </ClCompile>
    <ClCompile Include="$(BSP_ROOT)\STM32F4xxxx\STM32F4xx_HAL_Driver\Src\stm32f4xx_hal.c">
      <Filter>Source files\Device-specific files</Filter>
    </ClCompile>
    <ClCompile Include="$(BSP_ROOT)\STM32F4xxxx\STM32F4xx_HAL_Driver\Src\stm32f4xx_hal_adc.c">
      <Filter>Source files\Device-specific files</Filter>
    </ClCompile>
    <ClCompile Include="$(BSP_ROOT)\STM32F4xxxx\STM32F4xx_HAL_Driver\Src\stm32f4xx_hal_adc_ex.c">
      <Filter>Source files\Device-specific files</Filter>
    </ClCompile>
    <ClCompile Include="$(BSP_ROOT)\STM32F4xxxx\STM32F4xx_HAL_Driver\Src\stm32f4xx_hal_can.c">
      <Filter>Source files\Device-specific files</Filter>
    </ClCompile>
    <ClCompile Include="$(BSP_ROOT)\STM32F4xxxx\STM32F4xx_HAL_Driver\Src\stm32f4xx_hal_cec.c">
      <Filter>Source files\Device-specific files</Filter>
    </ClCompile>
    <ClCompile Include="$(BSP_ROOT)\STM32F4xxxx\STM32F4xx_HAL_Driver\Src\stm32f4xx_hal_cortex.c">
      <Filter>Source files\Device-specific files</Filter>
    </ClCompile>
    <ClCompile Include="$(BSP_ROOT)\STM32F4xxxx\STM32F4xx_HAL_Driver\Src\stm32f4xx_hal_crc.c">
      <Filter>Source files\Device-specific files</Filter>
    </ClCompile>
    <ClCompile Include="$(BSP_ROOT)\STM32F4xxxx\STM32F4xx_HAL_Driver\Src\stm32f4xx_hal_cryp.c">
      <Filter>Source files\Device-specific files</Filter>
    </ClCompile>
    <ClCompile Include="$(BSP_ROOT)\STM32F4xxxx\STM32F4xx_HAL_Driver\Src\stm32f4xx_hal_cryp_ex.c">
      <Filter>Source files\Device-specific files</Filter>
    </ClCompile>
    <ClCompile Include="$(BSP_ROOT)\STM32F4xxxx\STM32F4xx_HAL_Driver\Src\stm32f4xx_hal_dac.c">
      <Filter>Source files\Device-specific files</Filter>
    </ClCompile>
    <ClCompile Include="$(BSP_ROOT)\STM32F4xxxx\STM32F4xx_HAL_Driver\Src\stm32f4xx_hal_dac_ex.c">
      <Filter>Source files\Device-specific files</Filter>
    </ClCompile>
    <ClCompile Include="$(BSP_ROOT)\STM32F4xxxx\STM32F4xx_HAL_Driver\Src\stm32f4xx_hal_dcmi.c">
      <Filter>Source files\Device-specific files</Filter>
    </ClCompile>
    <ClCompile Include="$(BSP_ROOT)\STM32F4xxxx\STM32F4xx_HAL_Driver\Src\stm32f4xx_hal_dcmi_ex.c">
      <Filter>Source files\Device-specific files</Filter>
    </ClCompile>
    <ClCompile Include="$(BSP_ROOT)\STM32F4xxxx\STM32F4xx_HAL_Driver\Src\stm32f4xx_hal_dfsdm.c">
      <Filter>Source files\Device-specific files</Filter>
    </ClCompile>
    <ClCompile Include="$(BSP_ROOT)\STM32F4xxxx\STM32F4xx_HAL_Driver\Src\stm32f4xx_hal_dma.c">
      <Filter>Source files\Device-specific files</Filter>
    </ClCompile>
    <ClCompile Include="$(BSP_ROOT)\STM32F4xxxx\STM32F4xx_HAL_Driver\Src\stm32f4xx_hal_dma2d.c">
      <Filter>Source files\Device-specific files</Filter>
    </ClCompile>
    <ClCompile Include="$(BSP_ROOT)\STM32F4xxxx\STM32F4xx_HAL_Driver\Src\stm32f4xx_hal_dma_ex.c">
      <Filter>Source files\Device-specific files</Filter>
    </ClCompile>
    <ClCompile Include="$(BSP_ROOT)\STM32F4xxxx\STM32F4xx_HAL_Driver\Src\stm32f4xx_hal_dsi.c">
      <Filter>Source files\Device-specific files</Filter>
    </ClCompile>
    <ClCompile Include="$(BSP_ROOT)\STM32F4xxxx\STM32F4xx_HAL_Driver\Src\stm32f4xx_hal_eth.c">
      <Filter>Source files\Device-specific files</Filter>
    </ClCompile>
    <ClCompile Include="$(BSP_ROOT)\STM32F4xxxx\STM32F4xx_HAL_Driver\Src\stm32f4xx_hal_flash.c">
      <Filter>Source files\Device-specific files</Filter>
    </ClCompile>
    <ClCompile Include="$(BSP_ROOT)\STM32F4xxxx\STM32F4xx_HAL_Driver\Src\stm32f4xx_hal_flash_ex.c">
      <Filter>Source files\Device-specific files</Filter>
    </ClCompile>
    <ClCompile Include="$(BSP_ROOT)\STM32F4xxxx\STM32F4xx_HAL_Driver\Src\stm32f4xx_hal_flash_ramfunc.c">
      <Filter>Source files\Device-specific files</Filter>
    </ClCompile>
    <ClCompile Include="$(BSP_ROOT)\STM32F4xxxx\STM32F4xx_HAL_Driver\Src\stm32f4xx_hal_fmpi2c.c">
      <Filter>Source files\Device-specific files</Filter>
    </ClCompile>
    <ClCompile Include="$(BSP_ROOT)\STM32F4xxxx\STM32F4xx_HAL_Driver\Src\stm32f4xx_hal_fmpi2c_ex.c">
      <Filter>Source files\Device-specific files</Filter>
    </ClCompile>
    <ClCompile Include="$(BSP_ROOT)\STM32F4xxxx\STM32F4xx_HAL_Driver\Src\stm32f4xx_hal_gpio.c">
      <Filter>Source files\Device-specific files</Filter>
    </ClCompile>
    <ClCompile Include="$(BSP_ROOT)\STM32F4xxxx\STM32F4xx_HAL_Driver\Src\stm32f4xx_hal_hash.c">
      <Filter>Source files\Device-specific files</Filter>
    </ClCompile>
    <ClCompile Include="$(BSP_ROOT)\STM32F4xxxx\STM32F4xx_HAL_Driver\Src\stm32f4xx_hal_hash_ex.c">
      <Filter>Source files\Device-specific files</Filter>
    </ClCompile>
    <ClCompile Include="$(BSP_ROOT)\STM32F4xxxx\STM32F4xx_HAL_Driver\Src\stm32f4xx_hal_hcd.c">
      <Filter>Source files\Device-specific files</Filter>
    </ClCompile>
    <ClCompile Include="$(BSP_ROOT)\STM32F4xxxx\STM32F4xx_HAL_Driver\Src\stm32f4xx_hal_i2c.c">
      <Filter>Source files\Device-specific files</Filter>
    </ClCompile>
    <ClCompile Include="$(BSP_ROOT)\STM32F4xxxx\STM32F4xx_HAL_Driver\Src\stm32f4xx_hal_i2c_ex.c">
      <Filter>Source files\Device-specific files</Filter>
    </ClCompile>
    <ClCompile Include="$(BSP_ROOT)\STM32F4xxxx\STM32F4xx_HAL_Driver\Src\stm32f4xx_hal_i2s.c">
      <Filter>Source files\Device-specific files</Filter>
    </ClCompile>
    <ClCompile Include="$(BSP_ROOT)\STM32F4xxxx\STM32F4xx_HAL_Driver\Src\stm32f4xx_hal_i2s_ex.c">
      <Filter>Source files\Device-specific files</Filter>
    </ClCompile>
    <ClCompile Include="$(BSP_ROOT)\STM32F4xxxx\STM32F4xx_HAL_Driver\Src\stm32f4xx_hal_irda.c">
      <Filter>Source files\Device-specific files</Filter>
    </ClCompile>
    <ClCompile Include="$(BSP_ROOT)\STM32F4xxxx\STM32F4xx_HAL_Driver\Src\stm32f4xx_hal_iwdg.c">
      <Filter>Source files\Device-specific files</Filter>
    </ClCompile>
    <ClCompile Include="$(BSP_ROOT)\STM32F4xxxx\STM32F4xx_HAL_Driver\Src\stm32f4xx_hal_lptim.c">
      <Filter>Source files\Device-specific files</Filter>
    </ClCompile>
    <ClCompile Include="$(BSP_ROOT)\STM32F4xxxx\STM32F4xx_HAL_Driver\Src\stm32f4xx_hal_ltdc.c">
      <Filter>Source files\Device-specific files</Filter>
    </ClCompile>
    <ClCompile Include="$(BSP_ROOT)\STM32F4xxxx\STM32F4xx_HAL_Driver\Src\stm32f4xx_hal_ltdc_ex.c">
      <Filter>Source files\Device-specific files</Filter>
    </ClCompile>
    <ClCompile Include="$(BSP_ROOT)\STM32F4xxxx\STM32F4xx_HAL_Driver\Src\stm32f4xx_hal_mmc.c">
      <Filter>Source files\Device-specific files</Filter>
    </ClCompile>
    <ClCompile Include="$(BSP_ROOT)\STM32F4xxxx\STM32F4xx_HAL_Driver\Src\stm32f4xx_hal_nand.c">
      <Filter>Source files\Device-specific files</Filter>
    </ClCompile>
    <ClCompile Include="$(BSP_ROOT)\STM32F4xxxx\STM32F4xx_HAL_Driver\Src\stm32f4xx_hal_nor.c">
      <Filter>Source files\Device-specific files</Filter>
    </ClCompile>
    <ClCompile Include="$(BSP_ROOT)\STM32F4xxxx\STM32F4xx_HAL_Driver\Src\stm32f4xx_hal_pccard.c">
      <Filter>Source files\Device-specific files</Filter>
    </ClCompile>
    <ClCompile Include="$(BSP_ROOT)\STM32F4xxxx\STM32F4xx_HAL_Driver\Src\stm32f4xx_hal_pcd.c">
      <Filter>Source files\Device-specific files</Filter>
    </ClCompile>
    <ClCompile Include="$(BSP_ROOT)\STM32F4xxxx\STM32F4xx_HAL_Driver\Src\stm32f4xx_hal_pcd_ex.c">
      <Filter>Source files\Device-specific files</Filter>
    </ClCompile>
    <ClCompile Include="$(BSP_ROOT)\STM32F4xxxx\STM32F4xx_HAL_Driver\Src\stm32f4xx_hal_pwr.c">
      <Filter>Source files\Device-specific files</Filter>
    </ClCompile>
    <ClCompile Include="$(BSP_ROOT)\STM32F4xxxx\STM32F4xx_HAL_Driver\Src\stm32f4xx_hal_pwr_ex.c">
      <Filter>Source files\Device-specific files</Filter>
    </ClCompile>
    <ClCompile Include="$(BSP_ROOT)\STM32F4xxxx\STM32F4xx_HAL_Driver\Src\stm32f4xx_hal_qspi.c">
      <Filter>Source files\Device-specific files</Filter>
    </ClCompile>
    <ClCompile Include="$(BSP_ROOT)\STM32F4xxxx\STM32F4xx_HAL_Driver\Src\stm32f4xx_hal_rcc.c">
      <Filter>Source files\Device-specific files</Filter>
    </ClCompile>
    <ClCompile Include="$(BSP_ROOT)\STM32F4xxxx\STM32F4xx_HAL_Driver\Src\stm32f4xx_hal_rcc_ex.c">
      <Filter>Source files\Device-specific files</Filter>
    </ClCompile>
    <ClCompile Include="$(BSP_ROOT)\STM32F4xxxx\STM32F4xx_HAL_Driver\Src\stm32f4xx_hal_rng.c">
      <Filter>Source files\Device-specific files</Filter>
    </ClCompile>
    <ClCompile Include="$(BSP_ROOT)\STM32F4xxxx\STM32F4xx_HAL_Driver\Src\stm32f4xx_hal_rtc.c">
      <Filter>Source files\Device-specific files</Filter>
    </ClCompile>
    <ClCompile Include="$(BSP_ROOT)\STM32F4xxxx\STM32F4xx_HAL_Driver\Src\stm32f4xx_hal_rtc_ex.c">
      <Filter>Source files\Device-specific files</Filter>
    </ClCompile>
    <ClCompile Include="$(BSP_ROOT)\STM32F4xxxx\STM32F4xx_HAL_Driver\Src\stm32f4xx_hal_sai.c">
      <Filter>Source files\Device-specific files</Filter>
    </ClCompile>
    <ClCompile Include="$(BSP_ROOT)\STM32F4xxxx\STM32F4xx_HAL_Driver\Src\stm32f4xx_hal_sai_ex.c">
      <Filter>Source files\Device-specific files</Filter>
    </ClCompile>
    <ClCompile Include="$(BSP_ROOT)\STM32F4xxxx\STM32F4xx_HAL_Driver\Src\stm32f4xx_hal_sd.c">
      <Filter>Source files\Device-specific files</Filter>
    </ClCompile>
    <ClCompile Include="$(BSP_ROOT)\STM32F4xxxx\STM32F4xx_HAL_Driver\Src\stm32f4xx_hal_sdram.c">
      <Filter>Source files\Device-specific files</Filter>
    </ClCompile>
    <ClCompile Include="$(BSP_ROOT)\STM32F4xxxx\STM32F4xx_HAL_Driver\Src\stm32f4xx_hal_smartcard.c">
      <Filter>Source files\Device-specific files</Filter>
    </ClCompile>
    <ClCompile Include="$(BSP_ROOT)\STM32F4xxxx\STM32F4xx_HAL_Driver\Src\stm32f4xx_hal_spdifrx.c">
      <Filter>Source files\Device-specific files</Filter>
    </ClCompile>
    <ClCompile Include="$(BSP_ROOT)\STM32F4xxxx\STM32F4xx_HAL_Driver\Src\stm32f4xx_hal_spi.c">
      <Filter>Source files\Device-specific files</Filter>
    </ClCompile>
    <ClCompile Include="$(BSP_ROOT)\STM32F4xxxx\STM32F4xx_HAL_Driver\Src\stm32f4xx_hal_sram.c">
      <Filter>Source files\Device-specific files</Filter>
    </ClCompile>
    <ClCompile Include="$(BSP_ROOT)\STM32F4xxxx\STM32F4xx_HAL_Driver\Src\stm32f4xx_hal_tim.c">
      <Filter>Source files\Device-specific files</Filter>
    </ClCompile>
    <ClCompile Include="$(BSP_ROOT)\STM32F4xxxx\STM32F4xx_HAL_Driver\Src\stm32f4xx_hal_tim_ex.c">
      <Filter>Source files\Device-specific files</Filter>
    </ClCompile>
    <ClCompile Include="$(BSP_ROOT)\STM32F4xxxx\STM32F4xx_HAL_Driver\Src\stm32f4xx_hal_uart.c">
      <Filter>Source files\Device-specific files</Filter>
    </ClCompile>
    <ClCompile Include="$(BSP_ROOT)\STM32F4xxxx\STM32F4xx_HAL_Driver\Src\stm32f4xx_hal_usart.c">
      <Filter>Source files\Device-specific files</Filter>
    </ClCompile>
    <ClCompile Include="$(BSP_ROOT)\STM32F4xxxx\STM32F4xx_HAL_Driver\Src\stm32f4xx_hal_wwdg.c">
      <Filter>Source files\Device-specific files</Filter>
    </ClCompile>
    <ClCompile Include="$(BSP_ROOT)\STM32F4xxxx\STM32F4xx_HAL_Driver\Src\stm32f4xx_ll_adc.c">
      <Filter>Source files\Device-specific files</Filter>
    </ClCompile>
    <ClCompile Include="$(BSP_ROOT)\STM32F4xxxx\STM32F4xx_HAL_Driver\Src\stm32f4xx_ll_crc.c">
      <Filter>Source files\Device-specific files</Filter>
    </ClCompile>
    <ClCompile Include="$(BSP_ROOT)\STM32F4xxxx\STM32F4xx_HAL_Driver\Src\stm32f4xx_ll_dac.c">
      <Filter>Source files\Device-specific files</Filter>
    </ClCompile>
    <ClCompile Include="$(BSP_ROOT)\STM32F4xxxx\STM32F4xx_HAL_Driver\Src\stm32f4xx_ll_dma.c">
      <Filter>Source files\Device-specific files</Filter>
    </ClCompile>
    <ClCompile Include="$(BSP_ROOT)\STM32F4xxxx\STM32F4xx_HAL_Driver\Src\stm32f4xx_ll_dma2d.c">
      <Filter>Source files\Device-specific files</Filter>
    </ClCompile>
    <ClCompile Include="$(BSP_ROOT)\STM32F4xxxx\STM32F4xx_HAL_Driver\Src\stm32f4xx_ll_exti.c">
      <Filter>Source files\Device-specific files</Filter>
    </ClCompile>
    <ClCompile Include="$(BSP_ROOT)\STM32F4xxxx\STM32F4xx_HAL_Driver\Src\stm32f4xx_ll_fmc.c">
      <Filter>Source files\Device-specific files</Filter>
    </ClCompile>
    <ClCompile Include="$(BSP_ROOT)\STM32F4xxxx\STM32F4xx_HAL_Driver\Src\stm32f4xx_ll_fsmc.c">
      <Filter>Source files\Device-specific files</Filter>
    </ClCompile>
    <ClCompile Include="$(BSP_ROOT)\STM32F4xxxx\STM32F4xx_HAL_Driver\Src\stm32f4xx_ll_gpio.c">
      <Filter>Source files\Device-specific files</Filter>
    </ClCompile>
    <ClCompile Include="$(BSP_ROOT)\STM32F4xxxx\STM32F4xx_HAL_Driver\Src\stm32f4xx_ll_i2c.c">
      <Filter>Source files\Device-specific files</Filter>
    </ClCompile>
    <ClCompile Include="$(BSP_ROOT)\STM32F4xxxx\STM32F4xx_HAL_Driver\Src\stm32f4xx_ll_lptim.c">
      <Filter>Source files\Device-specific files</Filter>
    </ClCompile>
    <ClCompile Include="$(BSP_ROOT)\STM32F4xxxx\STM32F4xx_HAL_Driver\Src\stm32f4xx_ll_pwr.c">
      <Filter>Source files\Device-specific files</Filter>
    </ClCompile>
    <ClCompile Include="$(BSP_ROOT)\STM32F4xxxx\STM32F4xx_HAL_Driver\Src\stm32f4xx_ll_rcc.c">
      <Filter>Source files\Device-specific files</Filter>
    </ClCompile>
    <ClCompile Include="$(BSP_ROOT)\STM32F4xxxx\STM32F4xx_HAL_Driver\Src\stm32f4xx_ll_rng.c">
      <Filter>Source files\Device-specific files</Filter>
    </ClCompile>
    <ClCompile Include="$(BSP_ROOT)\STM32F4xxxx\STM32F4xx_HAL_Driver\Src\stm32f4xx_ll_rtc.c">
      <Filter>Source files\Device-specific files</Filter>
    </ClCompile>
    <ClCompile Include="$(BSP_ROOT)\STM32F4xxxx\STM32F4xx_HAL_Driver\Src\stm32f4xx_ll_sdmmc.c">
      <Filter>Source files\Device-specific files</Filter>
    </ClCompile>
    <ClCompile Include="$(BSP_ROOT)\STM32F4xxxx\STM32F4xx_HAL_Driver\Src\stm32f4xx_ll_spi.c">
      <Filter>Source files\Device-specific files</Filter>
    </ClCompile>
    <ClCompile Include="$(BSP_ROOT)\STM32F4xxxx\STM32F4xx_HAL_Driver\Src\stm32f4xx_ll_tim.c">
      <Filter>Source files\Device-specific files</Filter>
    </ClCompile>
    <ClCompile Include="$(BSP_ROOT)\STM32F4xxxx\STM32F4xx_HAL_Driver\Src\stm32f4xx_ll_usart.c">
      <Filter>Source files\Device-specific files</Filter>
    </ClCompile>
    <ClCompile Include="$(BSP_ROOT)\STM32F4xxxx\STM32F4xx_HAL_Driver\Src\stm32f4xx_ll_usb.c">
      <Filter>Source files\Device-specific files</Filter>
    </ClCompile>
    <ClCompile Include="$(BSP_ROOT)\STM32F4xxxx\STM32F4xx_HAL_Driver\Src\stm32f4xx_ll_utils.c">
      <Filter>Source files\Device-specific files</Filter>
    </ClCompile>
    <ClCompile Include="$(EFP_BASE)\Profiler\FastSemihosting.cpp">
      <Filter>Source files\Device-specific files\Semihosting/Profiler</Filter>
    </ClCompile>
    <ClCompile Include="$(EFP_BASE)\Profiler\SamplingProfiler.cpp">
      <Filter>Source files\Device-specific files\Semihosting/Profiler</Filter>
    </ClCompile>
    <ClCompile Include="$(EFP_BASE)\Profiler\InstrumentingProfiler.cpp">
      <Filter>Source files\Device-specific files\Semihosting/Profiler</Filter>
    </ClCompile>
    <ClCompile Include="$(EFP_BASE)\Profiler\ProfilerRTOS_FreeRTOS.c">
      <Filter>Source files\Device-specific files\Semihosting/Profiler</Filter>
    </ClCompile>
    <ClInclude Include="$(BSP_ROOT)\STM32F4xxxx\CMSIS_HAL\RTOS\Template\cmsis_os.h">
      <Filter>Header files\Device-specific files</Filter>
    </ClInclude>
    <ClInclude Include="$(BSP_ROOT)\FreeRTOS\Source\include\croutine.h">
      <Filter>Header files\Device-specific files</Filter>
    </ClInclude>
    <ClInclude Include="$(BSP_ROOT)\FreeRTOS\Source\include\deprecated_definitions.h">
      <Filter>Header files\Device-specific files</Filter>
    </ClInclude>
    <ClInclude Include="$(BSP_ROOT)\FreeRTOS\Source\include\event_groups.h">
      <Filter>Header files\Device-specific files</Filter>
    </ClInclude>
    <ClInclude Include="$(BSP_ROOT)\FreeRTOS\Source\include\FreeRTOS.h">
      <Filter>Header files\Device-specific files</Filter>
    </ClInclude>
    <ClInclude Include="$(BSP_ROOT)\FreeRTOS\Source\include\list.h">
      <Filter>Header files\Device-specific files</Filter>
    </ClInclude>
    <ClInclude Include="$(BSP_ROOT)\FreeRTOS\Source\include\mpu_prototypes.h">
      <Filter>Header files\Device-specific files</Filter>
    </ClInclude>
    <ClInclude Include="$(BSP_ROOT)\FreeRTOS\Source\include\mpu_wrappers.h">
      <Filter>Header files\Device-specific files</Filter>
    </ClInclude>
    <ClInclude Include="$(BSP_ROOT)\FreeRTOS\Source\include\portable.h">
      <Filter>Header files\Device-specific files</Filter>
    </ClInclude>
    <ClInclude Include="$(BSP_ROOT)\FreeRTOS\Source\include\projdefs.h">
      <Filter>Header files\Device-specific files</Filter>
    </ClInclude>
    <ClInclude Include="$(BSP_ROOT)\FreeRTOS\Source\include\queue.h">
      <Filter>Header files\Device-specific files</Filter>
    </ClInclude>
    <ClInclude Include="$(BSP_ROOT)\FreeRTOS\Source\include\semphr.h">
      <Filter>Header files\Device-specific files</Filter>
    </ClInclude>
    <ClInclude Include="$(BSP_ROOT)\FreeRTOS\Source\include\StackMacros.h">
      <Filter>Header files\Device-specific files</Filter>
    </ClInclude>
    <ClInclude Include="$(BSP_ROOT)\FreeRTOS\Source\include\task.h">
      <Filter>Header files\Device-specific files</Filter>
    </ClInclude>
    <ClInclude Include="$(BSP_ROOT)\FreeRTOS\Source\include\timers.h">
      <Filter>Header files\Device-specific files</Filter>
    </ClInclude>
    <ClInclude Include="$(BSP_ROOT)\FreeRTOS\Source\portable\GCC\ARM_CM4F\portmacro.h">
      <Filter>Header files\Device-specific files</Filter>
    </ClInclude>
    <ClInclude Include="$(BSP_ROOT)\STM32F4xxxx\STM32F4xx_HAL_Driver\Inc\stm32f4xx_hal.h">
      <Filter>Header files\Device-specific files</Filter>
    </ClInclude>
    <ClInclude Include="$(BSP_ROOT)\STM32F4xxxx\STM32F4xx_HAL_Driver\Inc\stm32f4xx_hal_adc.h">
      <Filter>Header files\Device-specific files</Filter>
    </ClInclude>
    <ClInclude Include="$(BSP_ROOT)\STM32F4xxxx\STM32F4xx_HAL_Driver\Inc\stm32f4xx_hal_adc_ex.h">
      <Filter>Header files\Device-specific files</Filter>
    </ClInclude>
    <ClInclude Include="$(BSP_ROOT)\STM32F4xxxx\STM32F4xx_HAL_Driver\Inc\stm32f4xx_hal_can.h">
      <Filter>Header files\Device-specific files</Filter>
    </ClInclude>
    <ClInclude Include="$(BSP_ROOT)\STM32F4xxxx\STM32F4xx_HAL_Driver\Inc\stm32f4xx_hal_cec.h">
      <Filter>Header files\Device-specific files</Filter>
    </ClInclude>
    <ClInclude Include="$(BSP_ROOT)\STM32F4xxxx\STM32F4xx_HAL_Driver\Inc\stm32f4xx_hal_cortex.h">
      <Filter>Header files\Device-specific files</Filter>
    </ClInclude>
    <ClInclude Include="$(BSP_ROOT)\STM32F4xxxx\STM32F4xx_HAL_Driver\Inc\stm32f4xx_hal_crc.h">
      <Filter>Header files\Device-specific files</Filter>
    </ClInclude>
    <ClInclude Include="$(BSP_ROOT)\STM32F4xxxx\STM32F4xx_HAL_Driver\Inc\stm32f4xx_hal_cryp.h">
      <Filter>Header files\Device-specific files</Filter>
    </ClInclude>
    <ClInclude Include="$(BSP_ROOT)\STM32F4xxxx\STM32F4xx_HAL_Driver\Inc\stm32f4xx_hal_cryp_ex.h">
      <Filter>Header files\Device-specific files</Filter>
    </ClInclude>
    <ClInclude Include="$(BSP_ROOT)\STM32F4xxxx\STM32F4xx_HAL_Driver\Inc\stm32f4xx_hal_dac.h">
      <Filter>Header files\Device-specific files</Filter>
    </ClInclude>
    <ClInclude Include="$(BSP_ROOT)\STM32F4xxxx\STM32F4xx_HAL_Driver\Inc\stm32f4xx_hal_dac_ex.h">
      <Filter>Header files\Device-specific files</Filter>
    </ClInclude>
    <ClInclude Include="$(BSP_ROOT)\STM32F4xxxx\STM32F4xx_HAL_Driver\Inc\stm32f4xx_hal_dcmi.h">
      <Filter>Header files\Device-specific files</Filter>
    </ClInclude>
    <ClInclude Include="$(BSP_ROOT)\STM32F4xxxx\STM32F4xx_HAL_Driver\Inc\stm32f4xx_hal_dcmi_ex.h">
      <Filter>Header files\Device-specific files</Filter>
    </ClInclude>
    <ClInclude Include="$(BSP_ROOT)\STM32F4xxxx\STM32F4xx_HAL_Driver\Inc\stm32f4xx_hal_def.h">
      <Filter>Header files\Device-specific files</Filter>
    </ClInclude>
    <ClInclude Include="$(BSP_ROOT)\STM32F4xxxx\STM32F4xx_HAL_Driver\Inc\stm32f4xx_hal_dfsdm.h">
      <Filter>Header files\Device-specific files</Filter>
    </ClInclude>
    <ClInclude Include="$(BSP_ROOT)\STM32F4xxxx\STM32F4xx_HAL_Driver\Inc\stm32f4xx_hal_dma.h">
      <Filter>Header files\Device-specific files</Filter>
    </ClInclude>
    <ClInclude Include="$(BSP_ROOT)\STM32F4xxxx\STM32F4xx_HAL_Driver\Inc\stm32f4xx_hal_dma2d.h">
      <Filter>Header files\Device-specific files</Filter>
    </ClInclude>
    <ClInclude Include="$(BSP_ROOT)\STM32F4xxxx\STM32F4xx_HAL_Driver\Inc\stm32f4xx_hal_dma_ex.h">
      <Filter>Header files\Device-specific files</Filter>
    </ClInclude>
    <ClInclude Include="$(BSP_ROOT)\STM32F4xxxx\STM32F4xx_HAL_Driver\Inc\stm32f4xx_hal_dsi.h">
      <Filter>Header files\Device-specific files</Filter>
    </ClInclude>
    <ClInclude Include="$(BSP_ROOT)\STM32F4xxxx\STM32F4xx_HAL_Driver\Inc\stm32f4xx_hal_eth.h">
      <Filter>Header files\Device-specific files</Filter>
    </ClInclude>
    <ClInclude Include="$(BSP_ROOT)\STM32F4xxxx\STM32F4xx_HAL_Driver\Inc\stm32f4xx_hal_flash.h">
      <Filter>Header files\Device-specific files</Filter>
    </ClInclude>
    <ClInclude Include="$(BSP_ROOT)\STM32F4xxxx\STM32F4xx_HAL_Driver\Inc\stm32f4xx_hal_flash_ex.h">
      <Filter>Header files\Device-specific files</Filter>
    </ClInclude>
    <ClInclude Include="$(BSP_ROOT)\STM32F4xxxx\STM32F4xx_HAL_Driver\Inc\stm32f4xx_hal_flash_ramfunc.h">
      <Filter>Header files\Device-specific files</Filter>
    </ClInclude>
    <ClInclude Include="$(BSP_ROOT)\STM32F4xxxx\STM32F4xx_HAL_Driver\Inc\stm32f4xx_hal_fmpi2c.h">
      <Filter>Header files\Device-specific files</Filter>
    </ClInclude>
    <ClInclude Include="$(BSP_ROOT)\STM32F4xxxx\STM32F4xx_HAL_Driver\Inc\stm32f4xx_hal_fmpi2c_ex.h">
      <Filter>Header files\Device-specific files</Filter>
    </ClInclude>
    <ClInclude Include="$(BSP_ROOT)\STM32F4xxxx\STM32F4xx_HAL_Driver\Inc\stm32f4xx_hal_gpio.h">
      <Filter>Header files\Device-specific files</Filter>
    </ClInclude>
    <ClInclude Include="$(BSP_ROOT)\STM32F4xxxx\STM32F4xx_HAL_Driver\Inc\stm32f4xx_hal_gpio_ex.h">
      <Filter>Header files\Device-specific files</Filter>
    </ClInclude>
    <ClInclude Include="$(BSP_ROOT)\STM32F4xxxx\STM32F4xx_HAL_Driver\Inc\stm32f4xx_hal_hash.h">
      <Filter>Header files\Device-specific files</Filter>
    </ClInclude>
    <ClInclude Include="$(BSP_ROOT)\STM32F4xxxx\STM32F4xx_HAL_Driver\Inc\stm32f4xx_hal_hash_ex.h">
      <Filter>Header files\Device-specific files</Filter>
    </ClInclude>
    <ClInclude Include="$(BSP_ROOT)\STM32F4xxxx\STM32F4xx_HAL_Driver\Inc\stm32f4xx_hal_hcd.h">
      <Filter>Header files\Device-specific files</Filter>
    </ClInclude>
    <ClInclude Include="$(BSP_ROOT)\STM32F4xxxx\STM32F4xx_HAL_Driver\Inc\stm32f4xx_hal_i2c.h">
      <Filter>Header files\Device-specific files</Filter>
    </ClInclude>
    <ClInclude Include="$(BSP_ROOT)\STM32F4xxxx\STM32F4xx_HAL_Driver\Inc\stm32f4xx_hal_i2c_ex.h">
      <Filter>Header files\Device-specific files</Filter>
    </ClInclude>
    <ClInclude Include="$(BSP_ROOT)\STM32F4xxxx\STM32F4xx_HAL_Driver\Inc\stm32f4xx_hal_i2s.h">
      <Filter>Header files\Device-specific files</Filter>
    </ClInclude>
    <ClInclude Include="$(BSP_ROOT)\STM32F4xxxx\STM32F4xx_HAL_Driver\Inc\stm32f4xx_hal_i2s_ex.h">
      <Filter>Header files\Device-specific files</Filter>
    </ClInclude>
    <ClInclude Include="$(BSP_ROOT)\STM32F4xxxx\STM32F4xx_HAL_Driver\Inc\stm32f4xx_hal_irda.h">
      <Filter>Header files\Device-specific files</Filter>
    </ClInclude>
    <ClInclude Include="$(BSP_ROOT)\STM32F4xxxx\STM32F4xx_HAL_Driver\Inc\stm32f4xx_hal_iwdg.h">
      <Filter>Header files\Device-specific files</Filter>
    </ClInclude>
    <ClInclude Include="$(BSP_ROOT)\STM32F4xxxx\STM32F4xx_HAL_Driver\Inc\stm32f4xx_hal_lptim.h">
      <Filter>Header files\Device-specific files</Filter>
    </ClInclude>
    <ClInclude Include="$(BSP_ROOT)\STM32F4xxxx\STM32F4xx_HAL_Driver\Inc\stm32f4xx_hal_ltdc.h">
      <Filter>Header files\Device-specific files</Filter>
    </ClInclude>
    <ClInclude Include="$(BSP_ROOT)\STM32F4xxxx\STM32F4xx_HAL_Driver\Inc\stm32f4xx_hal_ltdc_ex.h">
      <Filter>Header files\Device-specific files</Filter>
    </ClInclude>
    <ClInclude Include="$(BSP_ROOT)\STM32F4xxxx\STM32F4xx_HAL_Driver\Inc\stm32f4xx_hal_mmc.h">
      <Filter>Header files\Device-specific files</Filter>
    </ClInclude>
    <ClInclude Include="$(BSP_ROOT)\STM32F4xxxx\STM32F4xx_HAL_Driver\Inc\stm32f4xx_hal_nand.h">
      <Filter>Header files\Device-specific files</Filter>
    </ClInclude>
    <ClInclude Include="$(BSP_ROOT)\STM32F4xxxx\STM32F4xx_HAL_Driver\Inc\stm32f4xx_hal_nor.h">
      <Filter>Header files\Device-specific files</Filter>
    </ClInclude>
    <ClInclude Include="$(BSP_ROOT)\STM32F4xxxx\STM32F4xx_HAL_Driver\Inc\stm32f4xx_hal_pccard.h">
      <Filter>Header files\Device-specific files</Filter>
    </ClInclude>
    <ClInclude Include="$(BSP_ROOT)\STM32F4xxxx\STM32F4xx_HAL_Driver\Inc\stm32f4xx_hal_pcd.h">
      <Filter>Header files\Device-specific files</Filter>
    </ClInclude>
    <ClInclude Include="$(BSP_ROOT)\STM32F4xxxx\STM32F4xx_HAL_Driver\Inc\stm32f4xx_hal_pcd_ex.h">
      <Filter>Header files\Device-specific files</Filter>
    </ClInclude>
    <ClInclude Include="$(BSP_ROOT)\STM32F4xxxx\STM32F4xx_HAL_Driver\Inc\stm32f4xx_hal_pwr.h">
      <Filter>Header files\Device-specific files</Filter>
    </ClInclude>
    <ClInclude Include="$(BSP_ROOT)\STM32F4xxxx\STM32F4xx_HAL_Driver\Inc\stm32f4xx_hal_pwr_ex.h">
      <Filter>Header files\Device-specific files</Filter>
    </ClInclude>
    <ClInclude Include="$(BSP_ROOT)\STM32F4xxxx\STM32F4xx_HAL_Driver\Inc\stm32f4xx_hal_qspi.h">
      <Filter>Header files\Device-specific files</Filter>
    </ClInclude>
    <ClInclude Include="$(BSP_ROOT)\STM32F4xxxx\STM32F4xx_HAL_Driver\Inc\stm32f4xx_hal_rcc.h">
      <Filter>Header files\Device-specific files</Filter>
    </ClInclude>
    <ClInclude Include="$(BSP_ROOT)\STM32F4xxxx\STM32F4xx_HAL_Driver\Inc\stm32f4xx_hal_rcc_ex.h">
      <Filter>Header files\Device-specific files</Filter>
    </ClInclude>
    <ClInclude Include="$(BSP_ROOT)\STM32F4xxxx\STM32F4xx_HAL_Driver\Inc\stm32f4xx_hal_rng.h">
      <Filter>Header files\Device-specific files</Filter>
    </ClInclude>
    <ClInclude Include="$(BSP_ROOT)\STM32F4xxxx\STM32F4xx_HAL_Driver\Inc\stm32f4xx_hal_rtc.h">
      <Filter>Header files\Device-specific files</Filter>
    </ClInclude>
    <ClInclude Include="$(BSP_ROOT)\STM32F4xxxx\STM32F4xx_HAL_Driver\Inc\stm32f4xx_hal_rtc_ex.h">
      <Filter>Header files\Device-specific files</Filter>
    </ClInclude>
    <ClInclude Include="$(BSP_ROOT)\STM32F4xxxx\STM32F4xx_HAL_Driver\Inc\stm32f4xx_hal_sai.h">
      <Filter>Header files\Device-specific files</Filter>
    </ClInclude>
    <ClInclude Include="$(BSP_ROOT)\STM32F4xxxx\STM32F4xx_HAL_Driver\Inc\stm32f4xx_hal_sai_ex.h">
      <Filter>Header files\Device-specific files</Filter>
    </ClInclude>
    <ClInclude Include="$(BSP_ROOT)\STM32F4xxxx\STM32F4xx_HAL_Driver\Inc\stm32f4xx_hal_sd.h">
      <Filter>Header files\Device-specific files</Filter>
    </ClInclude>
    <ClInclude Include="$(BSP_ROOT)\STM32F4xxxx\STM32F4xx_HAL_Driver\Inc\stm32f4xx_hal_sdram.h">
      <Filter>Header files\Device-specific files</Filter>
    </ClInclude>
    <ClInclude Include="$(BSP_ROOT)\STM32F4xxxx\STM32F4xx_HAL_Driver\Inc\stm32f4xx_hal_smartcard.h">
      <Filter>Header files\Device-specific files</Filter>
    </ClInclude>
    <ClInclude Include="$(BSP_ROOT)\STM32F4xxxx\STM32F4xx_HAL_Driver\Inc\stm32f4xx_hal_spdifrx.h">
      <Filter>Header files\Device-specific files</Filter>
    </ClInclude>
    <ClInclude Include="$(BSP_ROOT)\STM32F4xxxx\STM32F4xx_HAL_Driver\Inc\stm32f4xx_hal_spi.h">
      <Filter>Header files\Device-specific files</Filter>
    </ClInclude>
    <ClInclude Include="$(BSP_ROOT)\STM32F4xxxx\STM32F4xx_HAL_Driver\Inc\stm32f4xx_hal_sram.h">
      <Filter>Header files\Device-specific files</Filter>
    </ClInclude>
    <ClInclude Include="$(BSP_ROOT)\STM32F4xxxx\STM32F4xx_HAL_Driver\Inc\stm32f4xx_hal_tim.h">
      <Filter>Header files\Device-specific files</Filter>
    </ClInclude>
    <ClInclude Include="$(BSP_ROOT)\STM32F4xxxx\STM32F4xx_HAL_Driver\Inc\stm32f4xx_hal_tim_ex.h">
      <Filter>Header files\Device-specific files</Filter>
    </ClInclude>
    <ClInclude Include="$(BSP_ROOT)\STM32F4xxxx\STM32F4xx_HAL_Driver\Inc\stm32f4xx_hal_uart.h">
      <Filter>Header files\Device-specific files</Filter>
    </ClInclude>
    <ClInclude Include="$(BSP_ROOT)\STM32F4xxxx\STM32F4xx_HAL_Driver\Inc\stm32f4xx_hal_usart.h">
      <Filter>Header files\Device-specific files</Filter>
    </ClInclude>
    <ClInclude Include="$(BSP_ROOT)\STM32F4xxxx\STM32F4xx_HAL_Driver\Inc\stm32f4xx_hal_wwdg.h">
      <Filter>Header files\Device-specific files</Filter>
    </ClInclude>
    <ClInclude Include="$(BSP_ROOT)\STM32F4xxxx\STM32F4xx_HAL_Driver\Inc\stm32f4xx_ll_adc.h">
      <Filter>Header files\Device-specific files</Filter>
    </ClInclude>
    <ClInclude Include="$(BSP_ROOT)\STM32F4xxxx\STM32F4xx_HAL_Driver\Inc\stm32f4xx_ll_bus.h">
      <Filter>Header files\Device-specific files</Filter>
    </ClInclude>
    <ClInclude Include="$(BSP_ROOT)\STM32F4xxxx\STM32F4xx_HAL_Driver\Inc\stm32f4xx_ll_cortex.h">
      <Filter>Header files\Device-specific files</Filter>
    </ClInclude>
    <ClInclude Include="$(BSP_ROOT)\STM32F4xxxx\STM32F4xx_HAL_Driver\Inc\stm32f4xx_ll_crc.h">
      <Filter>Header files\Device-specific files</Filter>
    </ClInclude>
    <ClInclude Include="$(BSP_ROOT)\STM32F4xxxx\STM32F4xx_HAL_Driver\Inc\stm32f4xx_ll_dac.h">
      <Filter>Header files\Device-specific files</Filter>
    </ClInclude>
    <ClInclude Include="$(BSP_ROOT)\STM32F4xxxx\STM32F4xx_HAL_Driver\Inc\stm32f4xx_ll_dma.h">
      <Filter>Header files\Device-specific files</Filter>
    </ClInclude>
    <ClInclude Include="$(BSP_ROOT)\STM32F4xxxx\STM32F4xx_HAL_Driver\Inc\stm32f4xx_ll_dma2d.h">
      <Filter>Header files\Device-specific files</Filter>
    </ClInclude>
    <ClInclude Include="$(BSP_ROOT)\STM32F4xxxx\STM32F4xx_HAL_Driver\Inc\stm32f4xx_ll_exti.h">
      <Filter>Header files\Device-specific files</Filter>
    </ClInclude>
    <ClInclude Include="$(BSP_ROOT)\STM32F4xxxx\STM32F4xx_HAL_Driver\Inc\stm32f4xx_ll_fmc.h">
      <Filter>Header files\Device-specific files</Filter>
    </ClInclude>
    <ClInclude Include="$(BSP_ROOT)\STM32F4xxxx\STM32F4xx_HAL_Driver\Inc\stm32f4xx_ll_fsmc.h">
      <Filter>Header files\Device-specific files</Filter>
    </ClInclude>
    <ClInclude Include="$(BSP_ROOT)\STM32F4xxxx\STM32F4xx_HAL_Driver\Inc\stm32f4xx_ll_gpio.h">
      <Filter>Header files\Device-specific files</Filter>
    </ClInclude>
    <ClInclude Include="$(BSP_ROOT)\STM32F4xxxx\STM32F4xx_HAL_Driver\Inc\stm32f4xx_ll_i2c.h">
      <Filter>Header files\Device-specific files</Filter>
    </ClInclude>
    <ClInclude Include="$(BSP_ROOT)\STM32F4xxxx\STM32F4xx_HAL_Driver\Inc\stm32f4xx_ll_iwdg.h">
      <Filter>Header files\Device-specific files</Filter>
    </ClInclude>
    <ClInclude Include="$(BSP_ROOT)\STM32F4xxxx\STM32F4xx_HAL_Driver\Inc\stm32f4xx_ll_lptim.h">
      <Filter>Header files\Device-specific files</Filter>
    </ClInclude>
    <ClInclude Include="$(BSP_ROOT)\STM32F4xxxx\STM32F4xx_HAL_Driver\Inc\stm32f4xx_ll_pwr.h">
      <Filter>Header files\Device-specific files</Filter>
    </ClInclude>
    <ClInclude Include="$(BSP_ROOT)\STM32F4xxxx\STM32F4xx_HAL_Driver\Inc\stm32f4xx_ll_rcc.h">
      <Filter>Header files\Device-specific files</Filter>
    </ClInclude>
    <ClInclude Include="$(BSP_ROOT)\STM32F4xxxx\STM32F4xx_HAL_Driver\Inc\stm32f4xx_ll_rng.h">
      <Filter>Header files\Device-specific files</Filter>
    </ClInclude>
    <ClInclude Include="$(BSP_ROOT)\STM32F4xxxx\STM32F4xx_HAL_Driver\Inc\stm32f4xx_ll_rtc.h">
      <Filter>Header files\Device-specific files</Filter>
    </ClInclude>
    <ClInclude Include="$(BSP_ROOT)\STM32F4xxxx\STM32F4xx_HAL_Driver\Inc\stm32f4xx_ll_sdmmc.h">
      <Filter>Header files\Device-specific files</Filter>
    </ClInclude>
    <ClInclude Include="$(BSP_ROOT)\STM32F4xxxx\STM32F4xx_HAL_Driver\Inc\stm32f4xx_ll_spi.h">
      <Filter>Header files\Device-specific files</Filter>
    </ClInclude>
    <ClInclude Include="$(BSP_ROOT)\STM32F4xxxx\STM32F4xx_HAL_Driver\Inc\stm32f4xx_ll_system.h">
      <Filter>Header files\Device-specific files</Filter>
    </ClInclude>
    <ClInclude Include="$(BSP_ROOT)\STM32F4xxxx\STM32F4xx_HAL_Driver\Inc\stm32f4xx_ll_tim.h">
      <Filter>Header files\Device-specific files</Filter>
    </ClInclude>
    <ClInclude Include="$(BSP_ROOT)\STM32F4xxxx\STM32F4xx_HAL_Driver\Inc\stm32f4xx_ll_usart.h">
      <Filter>Header files\Device-specific files</Filter>
    </ClInclude>
    <ClInclude Include="$(BSP_ROOT)\STM32F4xxxx\STM32F4xx_HAL_Driver\Inc\stm32f4xx_ll_usb.h">
      <Filter>Header files\Device-specific files</Filter>
    </ClInclude>
    <ClInclude Include="$(BSP_ROOT)\STM32F4xxxx\STM32F4xx_HAL_Driver\Inc\stm32f4xx_ll_utils.h">
      <Filter>Header files\Device-specific files</Filter>
    </ClInclude>
    <ClInclude Include="$(BSP_ROOT)\STM32F4xxxx\STM32F4xx_HAL_Driver\Inc\stm32f4xx_ll_wwdg.h">
      <Filter>Header files\Device-specific files</Filter>
    </ClInclude>
    <ClInclude Include="$(BSP_ROOT)\STM32F4xxxx\STM32F4xx_HAL_Driver\Inc\Legacy\stm32_hal_legacy.h">
      <Filter>Header files\Device-specific files</Filter>
    </ClInclude>
    <ClInclude Include="$(BSP_ROOT)\STM32F4xxxx\CMSIS_HAL\Device\ST\STM32F4xx\Include\stm32f4xx.h">
      <Filter>Header files\Device-specific files</Filter>
    </ClInclude>
    <ClInclude Include="$(BSP_ROOT)\STM32F4xxxx\CMSIS_HAL\Device\ST\STM32F4xx\Include\system_stm32f4xx.h">
      <Filter>Header files\Device-specific files</Filter>
    </ClInclude>
    <ClInclude Include="$(BSP_ROOT)\STM32F4xxxx\CMSIS_HAL\Include\arm_common_tables.h">
      <Filter>Header files\Device-specific files</Filter>
    </ClInclude>
    <ClInclude Include="$(BSP_ROOT)\STM32F4xxxx\CMSIS_HAL\Include\arm_const_structs.h">
      <Filter>Header files\Device-specific files</Filter>
    </ClInclude>
    <ClInclude Include="$(BSP_ROOT)\STM32F4xxxx\CMSIS_HAL\Include\arm_math.h">
      <Filter>Header files\Device-specific files</Filter>
    </ClInclude>
    <ClInclude Include="$(BSP_ROOT)\STM32F4xxxx\CMSIS_HAL\Include\cmsis_armcc.h">
      <Filter>Header files\Device-specific files</Filter>
    </ClInclude>
    <ClInclude Include="$(BSP_ROOT)\STM32F4xxxx\CMSIS_HAL\Include\cmsis_armcc_V6.h">
      <Filter>Header files\Device-specific files</Filter>
    </ClInclude>
    <ClInclude Include="$(BSP_ROOT)\STM32F4xxxx\CMSIS_HAL\Include\cmsis_gcc.h">
      <Filter>Header files\Device-specific files</Filter>
    </ClInclude>
    <ClInclude Include="$(BSP_ROOT)\STM32F4xxxx\CMSIS_HAL\Include\core_cm0.h">
      <Filter>Header files\Device-specific files</Filter>
    </ClInclude>
    <ClInclude Include="$(BSP_ROOT)\STM32F4xxxx\CMSIS_HAL\Include\core_cm0plus.h">
      <Filter>Header files\Device-specific files</Filter>
    </ClInclude>
    <ClInclude Include="$(BSP_ROOT)\STM32F4xxxx\CMSIS_HAL\Include\core_cm3.h">
      <Filter>Header files\Device-specific files</Filter>
    </ClInclude>
    <ClInclude Include="$(BSP_ROOT)\STM32F4xxxx\CMSIS_HAL\Include\core_cm4.h">
      <Filter>Header files\Device-specific files</Filter>
    </ClInclude>
    <ClInclude Include="$(BSP_ROOT)\STM32F4xxxx\CMSIS_HAL\Include\core_cm7.h">
      <Filter>Header files\Device-specific files</Filter>
    </ClInclude>
    <ClInclude Include="$(BSP_ROOT)\STM32F4xxxx\CMSIS_HAL\Include\core_cmFunc.h">
      <Filter>Header files\Device-specific files</Filter>
    </ClInclude>
    <ClInclude Include="$(BSP_ROOT)\STM32F4xxxx\CMSIS_HAL\Include\core_cmInstr.h">
      <Filter>Header files\Device-specific files</Filter>
    </ClInclude>
    <ClInclude Include="$(BSP_ROOT)\STM32F4xxxx\CMSIS_HAL\Include\core_cmSimd.h">
      <Filter>Header files\Device-specific files</Filter>
    </ClInclude>
    <ClInclude Include="$(BSP_ROOT)\STM32F4xxxx\CMSIS_HAL\Include\core_sc000.h">
      <Filter>Header files\Device-specific files</Filter>
    </ClInclude>
    <ClInclude Include="$(BSP_ROOT)\STM32F4xxxx\CMSIS_HAL\Include\core_sc300.h">
      <Filter>Header files\Device-specific files</Filter>
    </ClInclude>
    <ClInclude Include="$(EFP_BASE)\Profiler\SysprogsProfiler.h">
      <Filter>Header files\Device-specific files\Semihosting/Profiler</Filter>
    </ClInclude>
    <ClInclude Include="$(EFP_BASE)\Profiler\SmallNumberCoder.h">
      <Filter>Header files\Device-specific files\Semihosting/Profiler</Filter>
    </ClInclude>
    <ClInclude Include="$(EFP_BASE)\Profiler\SysprogsProfilerInterface.h">
      <Filter>Header files\Device-specific files\Semihosting/Profiler</Filter>
    </ClInclude>
    <ClInclude Include="$(EFP_BASE)\Profiler\ProfilerFreeRTOSHooks.h">
      <Filter>Header files\Device-specific files\Semihosting/Profiler</Filter>
    </ClInclude>
    <ClInclude Include="$(EFP_BASE)\Profiler\CustomRealTimeWatches.h">
      <Filter>Header files\Device-specific files\Semihosting/Profiler</Filter>
    </ClInclude>
    <ClCompile Include="GUI\Config\GUIConf.c">
      <Filter>Source files\GUI\CONFIG</Filter>
    </ClCompile>
    <ClCompile Include="GUI\Config\LCDConf.c">
      <Filter>Source files\GUI\CONFIG</Filter>
    </ClCompile>
  </ItemGroup>
  <ItemGroup>
    <ClInclude Include="FreeRTOSConfig.h">
      <Filter>Header files</Filter>
    </ClInclude>
    <ClInclude Include="stm32f4xx_hal_conf.h">
      <Filter>Header files</Filter>
    </ClInclude>
    <ClInclude Include="Mylib\ad.h">
      <Filter>Resource files</Filter>
    </ClInclude>
    <ClInclude Include="Mylib\button.h">
      <Filter>Resource files</Filter>
    </ClInclude>
    <ClInclude Include="Mylib\dac.h">
      <Filter>Resource files</Filter>
    </ClInclude>
    <ClInclude Include="Mylib\iwdg.h">
      <Filter>Resource files</Filter>
    </ClInclude>
    <ClInclude Include="Mylib\mymath.h">
      <Filter>Resource files</Filter>
    </ClInclude>
    <ClInclude Include="Mylib\oled.h">
      <Filter>Resource files</Filter>
    </ClInclude>
    <ClInclude Include="Mylib\pwm.h">
      <Filter>Resource files</Filter>
    </ClInclude>
    <ClInclude Include="Mylib\rng.h">
      <Filter>Resource files</Filter>
    </ClInclude>
    <ClInclude Include="Mylib\spi1.h">
      <Filter>Resource files</Filter>
    </ClInclude>
    <ClInclude Include="Mylib\tim3.h">
      <Filter>Resource files</Filter>
    </ClInclude>
    <ClInclude Include="Mylib\tim4.h">
      <Filter>Resource files</Filter>
    </ClInclude>
    <ClInclude Include="Mylib\uart4.h">
      <Filter>Resource files</Filter>
    </ClInclude>
    <ClInclude Include="Mylib\usart2.h">
      <Filter>Resource files</Filter>
    </ClInclude>
    <ClInclude Include="Mylib\usart3.h">
      <Filter>Resource files</Filter>
    </ClInclude>
    <ClInclude Include="Mylib\usart6.h">
      <Filter>Resource files</Filter>
    </ClInclude>
    <ClInclude Include="os_task.h">
      <Filter>Source files</Filter>
    </ClInclude>
    <ClInclude Include="Mylib\stepmotor.h">
      <Filter>Resource files</Filter>
    </ClInclude>
    <ClInclude Include="Mylib\sdcard.h">
      <Filter>Resource files</Filter>
    </ClInclude>
    <ClInclude Include="FatFs\diskio.h">
      <Filter>Source files\FatFs</Filter>
    </ClInclude>
    <ClInclude Include="FatFs\ff.h">
      <Filter>Source files\FatFs</Filter>
    </ClInclude>
    <ClInclude Include="FatFs\ffconf.h">
      <Filter>Source files\FatFs</Filter>
    </ClInclude>
    <ClInclude Include="FatFs\integer.h">
      <Filter>Source files\FatFs</Filter>
    </ClInclude>
    <ClInclude Include="GUI\Config\GUIConf.h">
      <Filter>Source files\GUI\CONFIG</Filter>
    </ClInclude>
    <ClInclude Include="GUI\Config\LCDConf.h">
      <Filter>Source files\GUI\CONFIG</Filter>
    </ClInclude>
    <ClInclude Include="GUI\Include\BUTTON.h">
      <Filter>Source files\GUI\header files</Filter>
    </ClInclude>
    <ClInclude Include="GUI\Include\BUTTON_Private.h">
      <Filter>Source files\GUI\header files</Filter>
    </ClInclude>
    <ClInclude Include="GUI\Include\CALENDAR.h">
      <Filter>Source files\GUI\header files</Filter>
    </ClInclude>
    <ClInclude Include="GUI\Include\CHECKBOX.h">
      <Filter>Source files\GUI\header files</Filter>
    </ClInclude>
    <ClInclude Include="GUI\Include\CHECKBOX_Private.h">
      <Filter>Source files\GUI\header files</Filter>
    </ClInclude>
    <ClInclude Include="GUI\Include\CHOOSECOLOR.h">
      <Filter>Source files\GUI\header files</Filter>
    </ClInclude>
    <ClInclude Include="GUI\Include\CHOOSEFILE.h">
      <Filter>Source files\GUI\header files</Filter>
    </ClInclude>
    <ClInclude Include="GUI\Include\DIALOG.h">
      <Filter>Source files\GUI\header files</Filter>
    </ClInclude>
    <ClInclude Include="GUI\Include\DIALOG_Intern.h">
      <Filter>Source files\GUI\header files</Filter>
    </ClInclude>
    <ClInclude Include="GUI\Include\DROPDOWN.h">
      <Filter>Source files\GUI\header files</Filter>
    </ClInclude>
    <ClInclude Include="GUI\Include\DROPDOWN_Private.h">
      <Filter>Source files\GUI\header files</Filter>
    </ClInclude>
    <ClInclude Include="GUI\Include\EDIT.h">
      <Filter>Source files\GUI\header files</Filter>
    </ClInclude>
    <ClInclude Include="GUI\Include\EDIT_Private.h">
      <Filter>Source files\GUI\header files</Filter>
    </ClInclude>
    <ClInclude Include="GUI\Include\FRAMEWIN.h">
      <Filter>Source files\GUI\header files</Filter>
    </ClInclude>
    <ClInclude Include="GUI\Include\FRAMEWIN_Private.h">
      <Filter>Source files\GUI\header files</Filter>
    </ClInclude>
    <ClInclude Include="GUI\Include\Global.h">
      <Filter>Source files\GUI\header files</Filter>
    </ClInclude>
    <ClInclude Include="GUI\Include\GRAPH.h">
      <Filter>Source files\GUI\header files</Filter>
    </ClInclude>
    <ClInclude Include="GUI\Include\GRAPH_Private.h">
      <Filter>Source files\GUI\header files</Filter>
    </ClInclude>
    <ClInclude Include="GUI\Include\GUI.h">
      <Filter>Source files\GUI\header files</Filter>
    </ClInclude>
    <ClInclude Include="GUI\Include\GUI__BiDi2_Brackets_800.h">
      <Filter>Source files\GUI\header files</Filter>
    </ClInclude>
    <ClInclude Include="GUI\Include\GUI__BiDi2_Types_800.h">
      <Filter>Source files\GUI\header files</Filter>
    </ClInclude>
    <ClInclude Include="GUI\Include\GUI_ARRAY.h">
      <Filter>Source files\GUI\header files</Filter>
    </ClInclude>
    <ClInclude Include="GUI\Include\GUI_ARRAY_Private.h">
      <Filter>Source files\GUI\header files</Filter>
    </ClInclude>
    <ClInclude Include="GUI\Include\GUI_BMP_Private.h">
      <Filter>Source files\GUI\header files</Filter>
    </ClInclude>
    <ClInclude Include="GUI\Include\GUI_ConfDefaults.h">
      <Filter>Source files\GUI\header files</Filter>
    </ClInclude>
    <ClInclude Include="GUI\Include\GUI_Debug.h">
      <Filter>Source files\GUI\header files</Filter>
    </ClInclude>
    <ClInclude Include="GUI\Include\GUI_FontIntern.h">
      <Filter>Source files\GUI\header files</Filter>
    </ClInclude>
    <ClInclude Include="GUI\Include\GUI_GCache_Private.h">
      <Filter>Source files\GUI\header files</Filter>
    </ClInclude>
    <ClInclude Include="GUI\Include\GUI_GIF_Private.h">
      <Filter>Source files\GUI\header files</Filter>
    </ClInclude>
    <ClInclude Include="GUI\Include\GUI_HOOK.h">
      <Filter>Source files\GUI\header files</Filter>
    </ClInclude>
    <ClInclude Include="GUI\Include\GUI_JPEG_Private.h">
      <Filter>Source files\GUI\header files</Filter>
    </ClInclude>
    <ClInclude Include="GUI\Include\GUI_Private.h">
      <Filter>Source files\GUI\header files</Filter>
    </ClInclude>
    <ClInclude Include="GUI\Include\GUI_SetOrientation.h">
      <Filter>Source files\GUI\header files</Filter>
    </ClInclude>
    <ClInclude Include="GUI\Include\GUI_SetOrientationCX.h">
      <Filter>Source files\GUI\header files</Filter>
    </ClInclude>
    <ClInclude Include="GUI\Include\GUI_SIM_Win32.h">
      <Filter>Source files\GUI\header files</Filter>
    </ClInclude>
    <ClInclude Include="GUI\Include\GUI_SPRITE_Private.h">
      <Filter>Source files\GUI\header files</Filter>
    </ClInclude>
    <ClInclude Include="GUI\Include\GUI_Type.h">
      <Filter>Source files\GUI\header files</Filter>
    </ClInclude>
    <ClInclude Include="GUI\Include\GUI_Version.h">
      <Filter>Source files\GUI\header files</Filter>
    </ClInclude>
    <ClInclude Include="GUI\Include\GUI_VNC.h">
      <Filter>Source files\GUI\header files</Filter>
    </ClInclude>
    <ClInclude Include="GUI\Include\HEADER.h">
      <Filter>Source files\GUI\header files</Filter>
    </ClInclude>
    <ClInclude Include="GUI\Include\HEADER_Private.h">
      <Filter>Source files\GUI\header files</Filter>
    </ClInclude>
    <ClInclude Include="GUI\Include\ICONVIEW.h">
      <Filter>Source files\GUI\header files</Filter>
    </ClInclude>
    <ClInclude Include="GUI\Include\ICONVIEW_Private.h">
      <Filter>Source files\GUI\header files</Filter>
    </ClInclude>
    <ClInclude Include="GUI\Include\IMAGE.h">
      <Filter>Source files\GUI\header files</Filter>
    </ClInclude>
    <ClInclude Include="GUI\Include\IMAGE_Private.h">
      <Filter>Source files\GUI\header files</Filter>
    </ClInclude>
    <ClInclude Include="GUI\Include\IP_FS.h">
      <Filter>Source files\GUI\header files</Filter>
    </ClInclude>
    <ClInclude Include="GUI\Include\KNOB.h">
      <Filter>Source files\GUI\header files</Filter>
    </ClInclude>
    <ClInclude Include="GUI\Include\KNOB_Private.h">
      <Filter>Source files\GUI\header files</Filter>
    </ClInclude>
    <ClInclude Include="GUI\Include\LCD.h">
      <Filter>Source files\GUI\header files</Filter>
    </ClInclude>
    <ClInclude Include="GUI\Include\LCD_ConfDefaults.h">
      <Filter>Source files\GUI\header files</Filter>
    </ClInclude>
    <ClInclude Include="GUI\Include\LCD_Private.h">
      <Filter>Source files\GUI\header files</Filter>
    </ClInclude>
    <ClInclude Include="GUI\Include\LCD_Protected.h">
      <Filter>Source files\GUI\header files</Filter>
    </ClInclude>
    <ClInclude Include="GUI\Include\LCD_SIM.h">
      <Filter>Source files\GUI\header files</Filter>
    </ClInclude>
    <ClInclude Include="GUI\Include\LCDSIM_Private.h">
      <Filter>Source files\GUI\header files</Filter>
    </ClInclude>
    <ClInclude Include="GUI\Include\LISTBOX.h">
      <Filter>Source files\GUI\header files</Filter>
    </ClInclude>
    <ClInclude Include="GUI\Include\LISTBOX_Private.h">
      <Filter>Source files\GUI\header files</Filter>
    </ClInclude>
    <ClInclude Include="GUI\Include\LISTVIEW.h">
      <Filter>Source files\GUI\header files</Filter>
    </ClInclude>
    <ClInclude Include="GUI\Include\LISTVIEW_Private.h">
      <Filter>Source files\GUI\header files</Filter>
    </ClInclude>
    <ClInclude Include="GUI\Include\LISTWHEEL.h">
      <Filter>Source files\GUI\header files</Filter>
    </ClInclude>
    <ClInclude Include="GUI\Include\LISTWHEEL_Private.h">
      <Filter>Source files\GUI\header files</Filter>
    </ClInclude>
    <ClInclude Include="GUI\Include\MENU.h">
      <Filter>Source files\GUI\header files</Filter>
    </ClInclude>
    <ClInclude Include="GUI\Include\MENU_Private.h">
      <Filter>Source files\GUI\header files</Filter>
    </ClInclude>
    <ClInclude Include="GUI\Include\MESSAGEBOX.h">
      <Filter>Source files\GUI\header files</Filter>
    </ClInclude>
    <ClInclude Include="GUI\Include\MULTIEDIT.h">
      <Filter>Source files\GUI\header files</Filter>
    </ClInclude>
    <ClInclude Include="GUI\Include\MULTIPAGE.h">
      <Filter>Source files\GUI\header files</Filter>
    </ClInclude>
    <ClInclude Include="GUI\Include\MULTIPAGE_Private.h">
      <Filter>Source files\GUI\header files</Filter>
    </ClInclude>
    <ClInclude Include="GUI\Include\PROGBAR.h">
      <Filter>Source files\GUI\header files</Filter>
    </ClInclude>
    <ClInclude Include="GUI\Include\PROGBAR_Private.h">
      <Filter>Source files\GUI\header files</Filter>
    </ClInclude>
    <ClInclude Include="GUI\Include\RADIO.h">
      <Filter>Source files\GUI\header files</Filter>
    </ClInclude>
    <ClInclude Include="GUI\Include\RADIO_Private.h">
      <Filter>Source files\GUI\header files</Filter>
    </ClInclude>
    <ClInclude Include="GUI\Include\SCROLLBAR.h">
      <Filter>Source files\GUI\header files</Filter>
    </ClInclude>
    <ClInclude Include="GUI\Include\SCROLLBAR_Private.h">
      <Filter>Source files\GUI\header files</Filter>
    </ClInclude>
    <ClInclude Include="GUI\Include\SEGGER.h">
      <Filter>Source files\GUI\header files</Filter>
    </ClInclude>
    <ClInclude Include="GUI\Include\SIM.h">
      <Filter>Source files\GUI\header files</Filter>
    </ClInclude>
    <ClInclude Include="GUI\Include\SIM_GetRegions.h">
      <Filter>Source files\GUI\header files</Filter>
    </ClInclude>
    <ClInclude Include="GUI\Include\SLIDER.h">
      <Filter>Source files\GUI\header files</Filter>
    </ClInclude>
    <ClInclude Include="GUI\Include\SLIDER_Private.h">
      <Filter>Source files\GUI\header files</Filter>
    </ClInclude>
    <ClInclude Include="GUI\Include\SPINBOX.h">
      <Filter>Source files\GUI\header files</Filter>
    </ClInclude>
    <ClInclude Include="GUI\Include\SPINBOX_Private.h">
      <Filter>Source files\GUI\header files</Filter>
    </ClInclude>
    <ClInclude Include="GUI\Include\SWIPELIST.h">
      <Filter>Source files\GUI\header files</Filter>
    </ClInclude>
    <ClInclude Include="GUI\Include\SWIPELIST_Private.h">
      <Filter>Source files\GUI\header files</Filter>
    </ClInclude>
    <ClInclude Include="GUI\Include\TEXT.h">
      <Filter>Source files\GUI\header files</Filter>
    </ClInclude>
    <ClInclude Include="GUI\Include\TEXT_Private.h">
      <Filter>Source files\GUI\header files</Filter>
    </ClInclude>
    <ClInclude Include="GUI\Include\TREEVIEW.h">
      <Filter>Source files\GUI\header files</Filter>
    </ClInclude>
    <ClInclude Include="GUI\Include\TREEVIEW_Private.h">
      <Filter>Source files\GUI\header files</Filter>
    </ClInclude>
    <ClInclude Include="GUI\Include\WIDGET.h">
      <Filter>Source files\GUI\header files</Filter>
    </ClInclude>
    <ClInclude Include="GUI\Include\WINDOW_Private.h">
      <Filter>Source files\GUI\header files</Filter>
    </ClInclude>
    <ClInclude Include="GUI\Include\WM.h">
      <Filter>Source files\GUI\header files</Filter>
    </ClInclude>
    <ClInclude Include="GUI\Include\WM_GUI.h">
      <Filter>Source files\GUI\header files</Filter>
    </ClInclude>
    <ClInclude Include="GUI\Include\WM_Intern.h">
      <Filter>Source files\GUI\header files</Filter>
    </ClInclude>
  </ItemGroup>
  <ItemGroup>
    <None Include="ex2_05_e-Debug.vgdbsettings">
      <Filter>VisualGDB settings</Filter>
    </None>
    <None Include="ex2_05_e-Release.vgdbsettings">
      <Filter>VisualGDB settings</Filter>
    </None>
    <None Include="stm32.props">
      <Filter>Source files\Device-specific files</Filter>
    </None>
  </ItemGroup>
  <ItemGroup>
    <Xml Include="stm32.xml">
      <Filter>VisualGDB settings</Filter>
    </Xml>
  </ItemGroup>
  <ItemGroup>
  </ItemGroup>
</Project>